{
  "version": 1,
  "deps": {
    "github.com/cloudboss/unobin-libraries-scratch//ub/helloer": {
      "kind": "ub",
      "version": "v0.6.0",
      "commit": "305837feaa1d1259d386761a956a539f25c02f3d",
      "hash": "sha256:0065d06c5d69299838dde3304d00e77cca969f03463cb13a8b17e54b1396678d"
    },
    "github.com/cloudboss/unobin-library-std": {
      "kind": "go",
      "version": "v0.1.0",
      "commit": "141599239b686418f2864469a9acb77e8890f226"
    }
  }
}
