{
  "version": 1,
  "deps": {
    "github.com/cloudboss/unobin-libraries-scratch//ub/helloer": {
      "kind": "ub",
      "version": "v0.5.0",
      "commit": "ba48f3c71c984bfa6fd83856be001cbbce90c391",
      "hash": "sha256:ffedd8c4ae59c0f97b0fd5dd962f044908a5b5ac3f326c79f73905ee92890f95"
    },
    "github.com/cloudboss/unobin//pkg/libraries/core": {
      "kind": "go",
      "version": "v0.5.0",
      "commit": "bdc347bff792dfe2fe40a422ed32fbbd99c72952"
    },
    "github.com/cloudboss/unobin//pkg/libraries/local": {
      "kind": "go",
      "version": "v0.5.0",
      "commit": "bdc347bff792dfe2fe40a422ed32fbbd99c72952"
    }
  }
}
